{
  "name": "leaflet-tilelayer-mbtiles-ts",
  "version": "1.4.7",
  "lockfileVersion": 1,
  "requires": true,
  "dependencies": {
    "@types/geojson": {
      "version": "7946.0.0",
      "resolved": "https://registry.npmjs.org/@types/geojson/-/geojson-7946.0.0.tgz",
      "integrity": "sha512-lbWmXFxIpEzpH7OprsCRvxj7kie+248Y2ItjeVsF+0+IqvwG+R+0xgZmxq1ofYNTszvuihDahas7O5dscfxTsw=="
    },
    "@types/leaflet": {
      "version": "1.2.5",
      "resolved": "https://registry.npmjs.org/@types/leaflet/-/leaflet-1.2.5.tgz",
      "integrity": "sha512-xaAcJeNIX0HV8IhpXXnSl7whm2wtgsxWLzXPj0+vMTk945VpaoDKfGsPCc5mQsqsxDaD8wV5ImVt42d/bx+qYw==",
      "requires": {
        "@types/geojson": "7946.0.0"
      }
    },
    "@types/node": {
      "version": "9.3.0",
      "resolved": "https://registry.npmjs.org/@types/node/-/node-9.3.0.tgz",
      "integrity": "sha512-wNBfvNjzsJl4tswIZKXCFQY0lss9nKUyJnG6T94X/eqjRgI2jHZ4evdjhQYBSan/vGtF6XVXPApOmNH2rf0KKw=="
    },
    "@types/platform": {
      "version": "1.3.1",
      "resolved": "https://registry.npmjs.org/@types/platform/-/platform-1.3.1.tgz",
      "integrity": "sha512-XI6JKLFNBmkADRd2FtUYtEuq5LDKTNXwUIodV3ZfTNkA+g4yo+rXXXdZL3fTE24S92BjpiEVaL3f64Fxm2JOgg=="
    },
    "@types/sql.js": {
      "version": "0.0.28",
      "resolved": "https://registry.npmjs.org/@types/sql.js/-/sql.js-0.0.28.tgz",
      "integrity": "sha1-dld5XibLeQ0iDDkkUOwL+X85qCU=",
      "requires": {
        "@types/node": "9.3.0"
      }
    },
    "platform": {
      "version": "1.3.4",
      "resolved": "https://registry.npmjs.org/platform/-/platform-1.3.4.tgz",
      "integrity": "sha1-bw+xftqqSPIUQrOpdcBjEw8cPr0="
    },
    "sql.js": {
      "version": "0.5.0",
      "resolved": "https://registry.npmjs.org/sql.js/-/sql.js-0.5.0.tgz",
      "integrity": "sha1-+IDeoYKAqEDkHfIgnclnQi36jYE="
    },
    "typescript": {
      "version": "2.6.2",
      "resolved": "https://registry.npmjs.org/typescript/-/typescript-2.6.2.tgz",
      "integrity": "sha1-PFtv1/beCRQmkCfwPAlGdY92c6Q=",
      "dev": true
    }
  }
}
