{
  "name": "leaflet-tilelayer-mbtiles-ts",
  "version": "1.4.4",
  "lockfileVersion": 1,
  "requires": true,
  "dependencies": {
    "@types/geojson": {
      "version": "1.0.2",
      "resolved": "https://registry.npmjs.org/@types/geojson/-/geojson-1.0.2.tgz",
      "integrity": "sha1-sC0QqwKOKSisWSoFGqpJgaGUHQM="
    },
    "@types/leaflet": {
      "version": "1.0.67",
      "resolved": "https://registry.npmjs.org/@types/leaflet/-/leaflet-1.0.67.tgz",
      "integrity": "sha512-yGz75LFeTCwAX8agz55YJLRFuZvtrKA+c00ja54ES/mc/uatI0r6QcxEoBOXBqiOG0vWPnTftJ2228mAKISdWA==",
      "requires": {
        "@types/geojson": "1.0.2"
      }
    },
    "@types/node": {
      "version": "9.3.0",
      "resolved": "https://registry.npmjs.org/@types/node/-/node-9.3.0.tgz",
      "integrity": "sha512-wNBfvNjzsJl4tswIZKXCFQY0lss9nKUyJnG6T94X/eqjRgI2jHZ4evdjhQYBSan/vGtF6XVXPApOmNH2rf0KKw=="
    },
    "@types/platform": {
      "version": "1.3.1",
      "resolved": "https://registry.npmjs.org/@types/platform/-/platform-1.3.1.tgz",
      "integrity": "sha512-XI6JKLFNBmkADRd2FtUYtEuq5LDKTNXwUIodV3ZfTNkA+g4yo+rXXXdZL3fTE24S92BjpiEVaL3f64Fxm2JOgg=="
    },
    "@types/sql.js": {
      "version": "0.0.29",
      "resolved": "https://registry.npmjs.org/@types/sql.js/-/sql.js-0.0.29.tgz",
      "integrity": "sha512-QDdqZ0k+p1YnphkSdZerpuH/hOs/wE9VftNgsw56IIG5Qm3X+VZ6NbnnvmFNkRoBn5Ke/juE/gypZ/y4Cr3faw==",
      "requires": {
        "@types/node": "9.3.0"
      }
    },
    "platform": {
      "version": "1.3.4",
      "resolved": "https://registry.npmjs.org/platform/-/platform-1.3.4.tgz",
      "integrity": "sha1-bw+xftqqSPIUQrOpdcBjEw8cPr0="
    },
    "sql.js": {
      "version": "0.5.0",
      "resolved": "https://registry.npmjs.org/sql.js/-/sql.js-0.5.0.tgz",
      "integrity": "sha1-+IDeoYKAqEDkHfIgnclnQi36jYE="
    },
    "typescript": {
      "version": "2.4.2",
      "resolved": "https://registry.npmjs.org/typescript/-/typescript-2.4.2.tgz",
      "integrity": "sha1-+DlfhdRZJ2BnyYiqQYN6j4KHCEQ=",
      "dev": true
    }
  }
}
